
Microsoft Visual Studio Solution File, Format Version 12.00
# Visual Studio Version 16
VisualStudioVersion = 16.0.30204.135
MinimumVisualStudioVersion = 10.0.40219.1
Project("{FAE04EC0-301F-11D3-BF4B-00C04F79EFBC}") = "MVCDemoApp", "MVCDemoApp\MVCDemoApp.csproj", "{AE48EC1D-D494-40E8-BC64-84275C9FD331}"
EndProject
Global
	GlobalSection(SolutionConfigurationPlatforms) = preSolution
		Debug|Any CPU = Debug|Any CPU
		Release|Any CPU = Release|Any CPU
	EndGlobalSection
	GlobalSection(ProjectConfigurationPlatforms) = postSolution
		{AE48EC1D-D494-40E8-BC64-84275C9FD331}.Debug|Any CPU.ActiveCfg = Debug|Any CPU
		{AE48EC1D-D494-40E8-BC64-84275C9FD331}.Debug|Any CPU.Build.0 = Debug|Any CPU
		{AE48EC1D-D494-40E8-BC64-84275C9FD331}.Release|Any CPU.ActiveCfg = Release|Any CPU
		{AE48EC1D-D494-40E8-BC64-84275C9FD331}.Release|Any CPU.Build.0 = Release|Any CPU
	EndGlobalSection
	GlobalSection(SolutionProperties) = preSolution
		HideSolutionNode = FALSE
	EndGlobalSection
	GlobalSection(ExtensibilityGlobals) = postSolution
		SolutionGuid = {CB74E996-3AD4-494B-9304-402A5235B243}
	EndGlobalSection
EndGlobal
